
Microsoft Visual Studio Solution File, Format Version 12.00
# Visual Studio 2012
Project("{FAE04EC0-301F-11D3-BF4B-00C04F79EFBC}") = "FirstNonRepeatingCharacter", "FirstNonRepeatingCharacter.csproj", "{E8105A8F-49C1-4D3F-ADCD-2F77FA7D2D48}"
EndProject
Global
	GlobalSection(SolutionConfigurationPlatforms) = preSolution
		Debug|x86 = Debug|x86
		Release|x86 = Release|x86
	EndGlobalSection
	GlobalSection(ProjectConfigurationPlatforms) = postSolution
		{E8105A8F-49C1-4D3F-ADCD-2F77FA7D2D48}.Debug|x86.ActiveCfg = Debug|x86
		{E8105A8F-49C1-4D3F-ADCD-2F77FA7D2D48}.Debug|x86.Build.0 = Debug|x86
		{E8105A8F-49C1-4D3F-ADCD-2F77FA7D2D48}.Release|x86.ActiveCfg = Release|x86
		{E8105A8F-49C1-4D3F-ADCD-2F77FA7D2D48}.Release|x86.Build.0 = Release|x86
	EndGlobalSection
EndGlobal
